
Microsoft Visual Studio Solution File, Format Version 12.00
Project("{FAE04EC0-301F-11D3-BF4B-00C04F79EFBC}") = "Hysing.HardyRamanujanNumber", "Hysing.HardyRamanujanNumber\Hysing.HardyRamanujanNumber.csproj", "{E8E958D4-F99E-4137-9C35-E4D986D45190}"
EndProject
Project("{FAE04EC0-301F-11D3-BF4B-00C04F79EFBC}") = "Hysing.HardyRamanujanNumber.Tests", "Hysing.HardyRamanujanNumber.Tests\Hysing.HardyRamanujanNumber.Tests.csproj", "{D423067B-8CF0-4B6F-A809-2B51B5563839}"
EndProject
Global
	GlobalSection(SolutionConfigurationPlatforms) = preSolution
		Debug|Any CPU = Debug|Any CPU
		Release|Any CPU = Release|Any CPU
	EndGlobalSection
	GlobalSection(ProjectConfigurationPlatforms) = postSolution
		{E8E958D4-F99E-4137-9C35-E4D986D45190}.Debug|Any CPU.ActiveCfg = Debug|Any CPU
		{E8E958D4-F99E-4137-9C35-E4D986D45190}.Debug|Any CPU.Build.0 = Debug|Any CPU
		{E8E958D4-F99E-4137-9C35-E4D986D45190}.Release|Any CPU.ActiveCfg = Release|Any CPU
		{E8E958D4-F99E-4137-9C35-E4D986D45190}.Release|Any CPU.Build.0 = Release|Any CPU
		{D423067B-8CF0-4B6F-A809-2B51B5563839}.Debug|Any CPU.ActiveCfg = Debug|Any CPU
		{D423067B-8CF0-4B6F-A809-2B51B5563839}.Debug|Any CPU.Build.0 = Debug|Any CPU
		{D423067B-8CF0-4B6F-A809-2B51B5563839}.Release|Any CPU.ActiveCfg = Release|Any CPU
		{D423067B-8CF0-4B6F-A809-2B51B5563839}.Release|Any CPU.Build.0 = Release|Any CPU
	EndGlobalSection
EndGlobal
